// !$*UTF8*$!
{
	archiveVersion = 1;
	classes = {
	};
	objectVersion = 46;
	objects = {

/* Begin PBXBuildFile section */
		F9D598EA1B2F9B9E00862EAB /* main.swift in Sources */ = {isa = PBXBuildFile; fileRef = F9D598E91B2F9B9E00862EAB /* main.swift */; };
		F9DE679E1B2F9FF800018488 /* http_parser.c in Sources */ = {isa = PBXBuildFile; fileRef = F9DE67941B2F9FF800018488 /* http_parser.c */; };
		F9DE67A51B30835200018488 /* testdata.c in Sources */ = {isa = PBXBuildFile; fileRef = F9DE67A31B30835200018488 /* testdata.c */; };
		F9DE67A71B30A76F00018488 /* HttpConnection.swift in Sources */ = {isa = PBXBuildFile; fileRef = F9DE67A61B30A76E00018488 /* HttpConnection.swift */; };
/* End PBXBuildFile section */

/* Begin PBXCopyFilesBuildPhase section */
		F9D598E41B2F9B9E00862EAB /* CopyFiles */ = {
			isa = PBXCopyFilesBuildPhase;
			buildActionMask = 2147483647;
			dstPath = /usr/share/man/man1/;
			dstSubfolderSpec = 0;
			files = (
			);
			runOnlyForDeploymentPostprocessing = 1;
		};
/* End PBXCopyFilesBuildPhase section */

/* Begin PBXFileReference section */
		F9D598E61B2F9B9E00862EAB /* swiftrest */ = {isa = PBXFileReference; explicitFileType = "compiled.mach-o.executable"; includeInIndex = 0; path = swiftrest; sourceTree = BUILT_PRODUCTS_DIR; };
		F9D598E91B2F9B9E00862EAB /* main.swift */ = {isa = PBXFileReference; lastKnownFileType = sourcecode.swift; path = main.swift; sourceTree = "<group>"; };
		F9D598F01B2F9C3000862EAB /* swiftrest-Bridging-Header.h */ = {isa = PBXFileReference; lastKnownFileType = sourcecode.c.h; path = "swiftrest-Bridging-Header.h"; sourceTree = "<group>"; };
		F9DE67891B2F9FF800018488 /* .gitignore */ = {isa = PBXFileReference; fileEncoding = 4; lastKnownFileType = text; path = .gitignore; sourceTree = "<group>"; };
		F9DE678A1B2F9FF800018488 /* .mailmap */ = {isa = PBXFileReference; fileEncoding = 4; lastKnownFileType = text; path = .mailmap; sourceTree = "<group>"; };
		F9DE678B1B2F9FF800018488 /* .travis.yml */ = {isa = PBXFileReference; fileEncoding = 4; lastKnownFileType = text; path = .travis.yml; sourceTree = "<group>"; };
		F9DE678C1B2F9FF800018488 /* AUTHORS */ = {isa = PBXFileReference; fileEncoding = 4; lastKnownFileType = text; path = AUTHORS; sourceTree = "<group>"; };
		F9DE678D1B2F9FF800018488 /* bench.c */ = {isa = PBXFileReference; fileEncoding = 4; lastKnownFileType = sourcecode.c.c; path = bench.c; sourceTree = "<group>"; };
		F9DE678F1B2F9FF800018488 /* parsertrace.c */ = {isa = PBXFileReference; fileEncoding = 4; lastKnownFileType = sourcecode.c.c; path = parsertrace.c; sourceTree = "<group>"; };
		F9DE67901B2F9FF800018488 /* url_parser.c */ = {isa = PBXFileReference; fileEncoding = 4; lastKnownFileType = sourcecode.c.c; path = url_parser.c; sourceTree = "<group>"; };
		F9DE67941B2F9FF800018488 /* http_parser.c */ = {isa = PBXFileReference; fileEncoding = 4; lastKnownFileType = sourcecode.c.c; path = http_parser.c; sourceTree = "<group>"; };
		F9DE67951B2F9FF800018488 /* http_parser.gyp */ = {isa = PBXFileReference; fileEncoding = 4; lastKnownFileType = text; path = http_parser.gyp; sourceTree = "<group>"; };
		F9DE67961B2F9FF800018488 /* http_parser.h */ = {isa = PBXFileReference; fileEncoding = 4; lastKnownFileType = sourcecode.c.h; path = http_parser.h; sourceTree = "<group>"; };
		F9DE67971B2F9FF800018488 /* LICENSE-MIT */ = {isa = PBXFileReference; fileEncoding = 4; lastKnownFileType = text; path = "LICENSE-MIT"; sourceTree = "<group>"; };
		F9DE67981B2F9FF800018488 /* Makefile */ = {isa = PBXFileReference; fileEncoding = 4; lastKnownFileType = sourcecode.make; path = Makefile; sourceTree = "<group>"; };
		F9DE67991B2F9FF800018488 /* README.md */ = {isa = PBXFileReference; fileEncoding = 4; lastKnownFileType = net.daringfireball.markdown; path = README.md; sourceTree = "<group>"; };
		F9DE679A1B2F9FF800018488 /* test.c */ = {isa = PBXFileReference; fileEncoding = 4; lastKnownFileType = sourcecode.c.c; path = test.c; sourceTree = "<group>"; };
		F9DE67A31B30835200018488 /* testdata.c */ = {isa = PBXFileReference; fileEncoding = 4; lastKnownFileType = sourcecode.c.c; path = testdata.c; sourceTree = "<group>"; };
		F9DE67A41B30835200018488 /* testdata.h */ = {isa = PBXFileReference; fileEncoding = 4; lastKnownFileType = sourcecode.c.h; path = testdata.h; sourceTree = "<group>"; };
		F9DE67A61B30A76E00018488 /* HttpConnection.swift */ = {isa = PBXFileReference; fileEncoding = 4; lastKnownFileType = sourcecode.swift; path = HttpConnection.swift; sourceTree = "<group>"; };
/* End PBXFileReference section */

/* Begin PBXFrameworksBuildPhase section */
		F9D598E31B2F9B9E00862EAB /* Frameworks */ = {
			isa = PBXFrameworksBuildPhase;
			buildActionMask = 2147483647;
			files = (
			);
			runOnlyForDeploymentPostprocessing = 0;
		};
/* End PBXFrameworksBuildPhase section */

/* Begin PBXGroup section */
		F9D598DD1B2F9B9E00862EAB = {
			isa = PBXGroup;
			children = (
				F9DE67881B2F9FF800018488 /* http-parser */,
				F9D598E81B2F9B9E00862EAB /* swiftrest */,
				F9D598E71B2F9B9E00862EAB /* Products */,
			);
			sourceTree = "<group>";
		};
		F9D598E71B2F9B9E00862EAB /* Products */ = {
			isa = PBXGroup;
			children = (
				F9D598E61B2F9B9E00862EAB /* swiftrest */,
			);
			name = Products;
			sourceTree = "<group>";
		};
		F9D598E81B2F9B9E00862EAB /* swiftrest */ = {
			isa = PBXGroup;
			children = (
				F9D598E91B2F9B9E00862EAB /* main.swift */,
				F9D598F01B2F9C3000862EAB /* swiftrest-Bridging-Header.h */,
				F9DE67A31B30835200018488 /* testdata.c */,
				F9DE67A41B30835200018488 /* testdata.h */,
				F9DE67A61B30A76E00018488 /* HttpConnection.swift */,
			);
			path = swiftrest;
			sourceTree = "<group>";
		};
		F9DE67881B2F9FF800018488 /* http-parser */ = {
			isa = PBXGroup;
			children = (
				F9DE67891B2F9FF800018488 /* .gitignore */,
				F9DE678A1B2F9FF800018488 /* .mailmap */,
				F9DE678B1B2F9FF800018488 /* .travis.yml */,
				F9DE678C1B2F9FF800018488 /* AUTHORS */,
				F9DE678D1B2F9FF800018488 /* bench.c */,
				F9DE678E1B2F9FF800018488 /* contrib */,
				F9DE67941B2F9FF800018488 /* http_parser.c */,
				F9DE67951B2F9FF800018488 /* http_parser.gyp */,
				F9DE67961B2F9FF800018488 /* http_parser.h */,
				F9DE67971B2F9FF800018488 /* LICENSE-MIT */,
				F9DE67981B2F9FF800018488 /* Makefile */,
				F9DE67991B2F9FF800018488 /* README.md */,
				F9DE679A1B2F9FF800018488 /* test.c */,
			);
			path = "http-parser";
			sourceTree = "<group>";
		};
		F9DE678E1B2F9FF800018488 /* contrib */ = {
			isa = PBXGroup;
			children = (
				F9DE678F1B2F9FF800018488 /* parsertrace.c */,
				F9DE67901B2F9FF800018488 /* url_parser.c */,
			);
			path = contrib;
			sourceTree = "<group>";
		};
/* End PBXGroup section */

/* Begin PBXNativeTarget section */
		F9D598E51B2F9B9E00862EAB /* swiftrest */ = {
			isa = PBXNativeTarget;
			buildConfigurationList = F9D598ED1B2F9B9E00862EAB /* Build configuration list for PBXNativeTarget "swiftrest" */;
			buildPhases = (
				F9D598E21B2F9B9E00862EAB /* Sources */,
				F9D598E31B2F9B9E00862EAB /* Frameworks */,
				F9D598E41B2F9B9E00862EAB /* CopyFiles */,
			);
			buildRules = (
			);
			dependencies = (
			);
			name = swiftrest;
			productName = swiftrest;
			productReference = F9D598E61B2F9B9E00862EAB /* swiftrest */;
			productType = "com.apple.product-type.tool";
		};
/* End PBXNativeTarget section */

/* Begin PBXProject section */
		F9D598DE1B2F9B9E00862EAB /* Project object */ = {
			isa = PBXProject;
			attributes = {
				LastSwiftUpdateCheck = 0700;
				LastUpgradeCheck = 0700;
				ORGANIZATIONNAME = "Steffen Neubauer";
				TargetAttributes = {
					F9D598E51B2F9B9E00862EAB = {
						CreatedOnToolsVersion = 7.0;
					};
				};
			};
			buildConfigurationList = F9D598E11B2F9B9E00862EAB /* Build configuration list for PBXProject "swiftrest" */;
			compatibilityVersion = "Xcode 3.2";
			developmentRegion = English;
			hasScannedForEncodings = 0;
			knownRegions = (
				en,
			);
			mainGroup = F9D598DD1B2F9B9E00862EAB;
			productRefGroup = F9D598E71B2F9B9E00862EAB /* Products */;
			projectDirPath = "";
			projectRoot = "";
			targets = (
				F9D598E51B2F9B9E00862EAB /* swiftrest */,
			);
		};
/* End PBXProject section */

/* Begin PBXSourcesBuildPhase section */
		F9D598E21B2F9B9E00862EAB /* Sources */ = {
			isa = PBXSourcesBuildPhase;
			buildActionMask = 2147483647;
			files = (
				F9DE67A51B30835200018488 /* testdata.c in Sources */,
				F9DE67A71B30A76F00018488 /* HttpConnection.swift in Sources */,
				F9DE679E1B2F9FF800018488 /* http_parser.c in Sources */,
				F9D598EA1B2F9B9E00862EAB /* main.swift in Sources */,
			);
			runOnlyForDeploymentPostprocessing = 0;
		};
/* End PBXSourcesBuildPhase section */

/* Begin XCBuildConfiguration section */
		F9D598EB1B2F9B9E00862EAB /* Debug */ = {
			isa = XCBuildConfiguration;
			buildSettings = {
				ALWAYS_SEARCH_USER_PATHS = NO;
				CLANG_CXX_LANGUAGE_STANDARD = "gnu++0x";
				CLANG_CXX_LIBRARY = "libc++";
				CLANG_ENABLE_MODULES = YES;
				CLANG_ENABLE_OBJC_ARC = YES;
				CLANG_WARN_BOOL_CONVERSION = YES;
				CLANG_WARN_CONSTANT_CONVERSION = YES;
				CLANG_WARN_DIRECT_OBJC_ISA_USAGE = YES_ERROR;
				CLANG_WARN_EMPTY_BODY = YES;
				CLANG_WARN_ENUM_CONVERSION = YES;
				CLANG_WARN_INT_CONVERSION = YES;
				CLANG_WARN_OBJC_ROOT_CLASS = YES_ERROR;
				CLANG_WARN_UNREACHABLE_CODE = YES;
				CLANG_WARN__DUPLICATE_METHOD_MATCH = YES;
				COPY_PHASE_STRIP = NO;
				DEBUG_INFORMATION_FORMAT = dwarf;
				ENABLE_STRICT_OBJC_MSGSEND = YES;
				ENABLE_TESTABILITY = YES;
				GCC_C_LANGUAGE_STANDARD = gnu99;
				GCC_DYNAMIC_NO_PIC = NO;
				GCC_NO_COMMON_BLOCKS = YES;
				GCC_OPTIMIZATION_LEVEL = 0;
				GCC_PREPROCESSOR_DEFINITIONS = (
					"DEBUG=1",
					"$(inherited)",
				);
				GCC_WARN_64_TO_32_BIT_CONVERSION = YES;
				GCC_WARN_ABOUT_RETURN_TYPE = YES_ERROR;
				GCC_WARN_UNDECLARED_SELECTOR = YES;
				GCC_WARN_UNINITIALIZED_AUTOS = YES_AGGRESSIVE;
				GCC_WARN_UNUSED_FUNCTION = YES;
				GCC_WARN_UNUSED_VARIABLE = YES;
				MACOSX_DEPLOYMENT_TARGET = 10.10;
				MTL_ENABLE_DEBUG_INFO = YES;
				ONLY_ACTIVE_ARCH = YES;
				SDKROOT = macosx;
				SWIFT_OPTIMIZATION_LEVEL = "-Onone";
			};
			name = Debug;
		};
		F9D598EC1B2F9B9E00862EAB /* Release */ = {
			isa = XCBuildConfiguration;
			buildSettings = {
				ALWAYS_SEARCH_USER_PATHS = NO;
				CLANG_CXX_LANGUAGE_STANDARD = "gnu++0x";
				CLANG_CXX_LIBRARY = "libc++";
				CLANG_ENABLE_MODULES = YES;
				CLANG_ENABLE_OBJC_ARC = YES;
				CLANG_WARN_BOOL_CONVERSION = YES;
				CLANG_WARN_CONSTANT_CONVERSION = YES;
				CLANG_WARN_DIRECT_OBJC_ISA_USAGE = YES_ERROR;
				CLANG_WARN_EMPTY_BODY = YES;
				CLANG_WARN_ENUM_CONVERSION = YES;
				CLANG_WARN_INT_CONVERSION = YES;
				CLANG_WARN_OBJC_ROOT_CLASS = YES_ERROR;
				CLANG_WARN_UNREACHABLE_CODE = YES;
				CLANG_WARN__DUPLICATE_METHOD_MATCH = YES;
				COPY_PHASE_STRIP = NO;
				DEBUG_INFORMATION_FORMAT = "dwarf-with-dsym";
				ENABLE_NS_ASSERTIONS = NO;
				ENABLE_STRICT_OBJC_MSGSEND = YES;
				GCC_C_LANGUAGE_STANDARD = gnu99;
				GCC_NO_COMMON_BLOCKS = YES;
				GCC_WARN_64_TO_32_BIT_CONVERSION = YES;
				GCC_WARN_ABOUT_RETURN_TYPE = YES_ERROR;
				GCC_WARN_UNDECLARED_SELECTOR = YES;
				GCC_WARN_UNINITIALIZED_AUTOS = YES_AGGRESSIVE;
				GCC_WARN_UNUSED_FUNCTION = YES;
				GCC_WARN_UNUSED_VARIABLE = YES;
				MACOSX_DEPLOYMENT_TARGET = 10.10;
				MTL_ENABLE_DEBUG_INFO = NO;
				SDKROOT = macosx;
			};
			name = Release;
		};
		F9D598EE1B2F9B9E00862EAB /* Debug */ = {
			isa = XCBuildConfiguration;
			buildSettings = {
				CLANG_ENABLE_MODULES = YES;
				LD_RUNPATH_SEARCH_PATHS = "$(inherited) @executable_path/../Frameworks @loader_path/../Frameworks";
				PRODUCT_NAME = "$(TARGET_NAME)";
				SWIFT_OBJC_BRIDGING_HEADER = "swiftrest/swiftrest-Bridging-Header.h";
				SWIFT_OPTIMIZATION_LEVEL = "-Onone";
			};
			name = Debug;
		};
		F9D598EF1B2F9B9E00862EAB /* Release */ = {
			isa = XCBuildConfiguration;
			buildSettings = {
				CLANG_ENABLE_MODULES = YES;
				LD_RUNPATH_SEARCH_PATHS = "$(inherited) @executable_path/../Frameworks @loader_path/../Frameworks";
				PRODUCT_NAME = "$(TARGET_NAME)";
				SWIFT_OBJC_BRIDGING_HEADER = "swiftrest/swiftrest-Bridging-Header.h";
			};
			name = Release;
		};
/* End XCBuildConfiguration section */

/* Begin XCConfigurationList section */
		F9D598E11B2F9B9E00862EAB /* Build configuration list for PBXProject "swiftrest" */ = {
			isa = XCConfigurationList;
			buildConfigurations = (
				F9D598EB1B2F9B9E00862EAB /* Debug */,
				F9D598EC1B2F9B9E00862EAB /* Release */,
			);
			defaultConfigurationIsVisible = 0;
			defaultConfigurationName = Release;
		};
		F9D598ED1B2F9B9E00862EAB /* Build configuration list for PBXNativeTarget "swiftrest" */ = {
			isa = XCConfigurationList;
			buildConfigurations = (
				F9D598EE1B2F9B9E00862EAB /* Debug */,
				F9D598EF1B2F9B9E00862EAB /* Release */,
			);
			defaultConfigurationIsVisible = 0;
			defaultConfigurationName = Release;
		};
/* End XCConfigurationList section */
	};
	rootObject = F9D598DE1B2F9B9E00862EAB /* Project object */;
}
